{
  "name": "test",
  "version": "1.0.0",
  "lockfileVersion": 1,
  "requires": true,
  "dependencies": {
    "adler-32": {
      "version": "1.1.0",
      "resolved": "https://registry.npmjs.org/adler-32/-/adler-32-1.1.0.tgz",
      "integrity": "sha1-A1UaXH8O371PyPoSpoFJeOq2UcM=",
      "requires": {
        "exit-on-epipe": "1.0.1",
        "printj": "1.1.0"
      }
    },
    "cfb": {
      "version": "1.0.1",
      "resolved": "https://registry.npmjs.org/cfb/-/cfb-1.0.1.tgz",
      "integrity": "sha1-VXuyT2fa54gDeFoVldNlvILF+rQ=",
      "requires": {
        "commander": "2.12.2",
        "printj": "1.1.0"
      },
      "dependencies": {
        "commander": {
          "version": "2.12.2",
          "resolved": "https://registry.npmjs.org/commander/-/commander-2.12.2.tgz",
          "integrity": "sha512-BFnaq5ZOGcDN7FlrtBT4xxkgIToalIIxwjxLWVJ8bGTpe1LroqMiqQXdA7ygc7CRvaYS+9zfPGFnJqFSayx+AA=="
        }
      }
    },
    "codepage": {
      "version": "1.11.0",
      "resolved": "https://registry.npmjs.org/codepage/-/codepage-1.11.0.tgz",
      "integrity": "sha1-EHYJW58DtcoE9Dhz+hpid0IoXeI=",
      "requires": {
        "commander": "2.11.0",
        "exit-on-epipe": "1.0.1",
        "voc": "1.0.0"
      }
    },
    "commander": {
      "version": "2.11.0",
      "resolved": "https://registry.npmjs.org/commander/-/commander-2.11.0.tgz",
      "integrity": "sha512-b0553uYA5YAEGgyYIGYROzKQ7X5RAqedkfjiZxwi0kL1g3bOaBNNZfYkzt/CL0umgD5wc9Jec2FbB98CjkMRvQ=="
    },
    "crc-32": {
      "version": "1.1.1",
      "resolved": "https://registry.npmjs.org/crc-32/-/crc-32-1.1.1.tgz",
      "integrity": "sha1-XXOdXkxuNSrYME1zIj1IP+Va240=",
      "requires": {
        "exit-on-epipe": "1.0.1",
        "printj": "1.1.0"
      }
    },
    "exit-on-epipe": {
      "version": "1.0.1",
      "resolved": "https://registry.npmjs.org/exit-on-epipe/-/exit-on-epipe-1.0.1.tgz",
      "integrity": "sha512-h2z5mrROTxce56S+pnvAV890uu7ls7f1kEvVGJbw1OlFH3/mlJ5bkXu0KRyW94v37zzHPiUd55iLn3DA7TjWpw=="
    },
    "frac": {
      "version": "1.1.0",
      "resolved": "https://registry.npmjs.org/frac/-/frac-1.1.0.tgz",
      "integrity": "sha1-3EN+nGpka2CxJ9gqxJAkZERcweM=",
      "requires": {
        "voc": "1.0.0"
      }
    },
    "javascript-state-machine": {
      "version": "3.0.1",
      "resolved": "http://registry.npm.taobao.org/javascript-state-machine/download/javascript-state-machine-3.0.1.tgz",
      "integrity": "sha1-MnMgM2ogNk4mtR2RZiwU8U1B6lI=",
      "dev": true
    },
    "json2xls": {
      "version": "0.1.2",
      "resolved": "http://registry.npm.taobao.org/json2xls/download/json2xls-0.1.2.tgz",
      "integrity": "sha1-NzWO2CqPyvkrs7JNh1msV+OU4Bc=",
      "requires": {
        "excel-export": "0.3.11"
      },
      "dependencies": {
        "excel-export": {
          "version": "0.3.11",
          "resolved": "http://registry.npm.taobao.org/excel-export/download/excel-export-0.3.11.tgz",
          "integrity": "sha1-a/a51lVV6+Pw2uqlcy97aZhqfrQ=",
          "requires": {
            "node-zip": "1.1.1"
          },
          "dependencies": {
            "node-zip": {
              "version": "1.1.1",
              "resolved": "http://registry.npm.taobao.org/node-zip/download/node-zip-1.1.1.tgz",
              "integrity": "sha1-lNGtZ0o81GoViN1zb0qaeMdX62I=",
              "requires": {
                "jszip": "2.5.0"
              },
              "dependencies": {
                "jszip": {
                  "version": "2.5.0",
                  "resolved": "http://registry.npm.taobao.org/jszip/download/jszip-2.5.0.tgz",
                  "integrity": "sha1-dET9hVHd8+XacZj+oMkbyDCMwnQ=",
                  "requires": {
                    "pako": "0.2.8"
                  },
                  "dependencies": {
                    "pako": {
                      "version": "0.2.8",
                      "resolved": "http://registry.npm.taobao.org/pako/download/pako-0.2.8.tgz",
                      "integrity": "sha1-Fa13KRU2KRPyDeSooWS0qsxhZdY="
                    }
                  }
                }
              }
            }
          }
        }
      }
    },
    "printj": {
      "version": "1.1.0",
      "resolved": "https://registry.npmjs.org/printj/-/printj-1.1.0.tgz",
      "integrity": "sha512-NbiNBOQ0GioHyeD3ni8wZB7ZmfU7mxIrqhWR5XSreX3rUVvk5UOwpzxOnWqrLdCtoBbdQ40sEwC+nXxxjlUo0A=="
    },
    "ssf": {
      "version": "0.10.1",
      "resolved": "https://registry.npmjs.org/ssf/-/ssf-0.10.1.tgz",
      "integrity": "sha1-8j2CtjeS71YIkInBzQyEjpEc26Y=",
      "requires": {
        "frac": "1.1.0"
      }
    },
    "voc": {
      "version": "1.0.0",
      "resolved": "https://registry.npmjs.org/voc/-/voc-1.0.0.tgz",
      "integrity": "sha512-mQwxWlK+zosxxDTqiFb9ZQBNgd794scgkhVwca7h9sEhvA52f3VzbOK+TOWeS8eSrFXnfuKrxElSPc5oLAetfw=="
    },
    "xlsx": {
      "version": "0.11.12",
      "resolved": "https://registry.npmjs.org/xlsx/-/xlsx-0.11.12.tgz",
      "integrity": "sha512-Sy+weyvpi7kmA78QWzK4NTCjqiZLGpbsbEK1iUS1/N9NkCHreLQnUmVySbPdh5j4+OQxB3tRvtDILtpgZ0VS/w==",
      "requires": {
        "adler-32": "1.1.0",
        "cfb": "1.0.1",
        "codepage": "1.11.0",
        "commander": "2.11.0",
        "crc-32": "1.1.1",
        "exit-on-epipe": "1.0.1",
        "ssf": "0.10.1"
      }
    }
  }
}
