{
  "name": "test",
  "version": "1.0.0",
  "lockfileVersion": 1,
  "requires": true,
  "dependencies": {
    "@xiamu/toolkit": {
      "version": "0.0.2",
      "resolved": "https://registry.npmjs.org/@xiamu/toolkit/-/toolkit-0.0.2.tgz",
      "integrity": "sha512-rBcON3X61rj12AYw/bjlJt5f3BldLegvF73Rf/pV4WDmMW284/ESTRLKLQt1gJZZItAsNE7gsUtZfpIS8uetew=="
    },
    "javascript-state-machine": {
      "version": "3.0.1",
      "resolved": "http://registry.npm.taobao.org/javascript-state-machine/download/javascript-state-machine-3.0.1.tgz",
      "integrity": "sha1-MnMgM2ogNk4mtR2RZiwU8U1B6lI=",
      "dev": true
    }
  }
}
