# THIS IS AN AUTOGENERATED FILE. DO NOT EDIT THIS FILE DIRECTLY.
# yarn lockfile v1


blueimp-file-upload@9.12.5:
  version "9.12.5"
  resolved "http://registry.npm.taobao.org/blueimp-file-upload/download/blueimp-file-upload-9.12.5.tgz#d148b134787ecea06456abc7ece84e3e3b3c26ab"

bootstrap@3.3.7:
  version "3.3.7"
  resolved "http://registry.npm.taobao.org/bootstrap/download/bootstrap-3.3.7.tgz#5a389394549f23330875a3b150656574f8a9eb71"

diff-match-patch@*:
  version "1.0.0"
  resolved "http://registry.npm.taobao.org/diff-match-patch/download/diff-match-patch-1.0.0.tgz#1cc3c83a490d67f95d91e39f6ad1f2e086b63048"

eve-raphael@0.5.0:
  version "0.5.0"
  resolved "http://registry.npm.taobao.org/eve-raphael/download/eve-raphael-0.5.0.tgz#17c754b792beef3fa6684d79cf5a47c63c4cda30"

"eve@git://github.com/adobe-webplatform/eve.git#eef80ed":
  version "0.4.1"
  resolved "git://github.com/adobe-webplatform/eve.git#eef80ed"

flowchart.js@*:
  version "1.6.6"
  resolved "http://registry.npm.taobao.org/flowchart.js/download/flowchart.js-1.6.6.tgz#2592aa881325614eefd681c00a40cca7561e85ec"
  dependencies:
    raphael "2.2.7"

highlight.js@*:
  version "9.12.0"
  resolved "http://registry.npm.taobao.org/highlight.js/download/highlight.js-9.12.0.tgz#e6d9dbe57cbefe60751f02af336195870c90c01e"

hyperdown@*:
  version "2.2.2"
  resolved "http://registry.npm.taobao.org/hyperdown/download/hyperdown-2.2.2.tgz#68d8dd025133efd39c14474a4ba107d6246f8db5"

jquery@1.12.3:
  version "1.12.3"
  resolved "http://registry.npm.taobao.org/jquery/download/jquery-1.12.3.tgz#1298b88b908e7c7f7501eb8c1a61f1ac8337b531"

js-sequence-diagrams@*:
  version "1000000.0.6"
  resolved "http://registry.npm.taobao.org/js-sequence-diagrams/download/js-sequence-diagrams-1000000.0.6.tgz#e95db01420479c5ccbc12046af1da42fde649e5c"
  dependencies:
    raphael "~2.1.x"
    underscore "~1.4.x"

katex@*:
  version "0.7.1"
  resolved "http://registry.npm.taobao.org/katex/download/katex-0.7.1.tgz#06bb5298efad05e1e7228035ba8e1591f3061b8f"
  dependencies:
    match-at "^0.1.0"

match-at@^0.1.0:
  version "0.1.0"
  resolved "http://registry.npm.taobao.org/match-at/download/match-at-0.1.0.tgz#f561e7709ff9a105b85cc62c6b8ee7c15bf24f31"

md.editor@^1.2.1:
  version "1.2.1"
  resolved "http://registry.npm.taobao.org/md.editor/download/md.editor-1.2.1.tgz#ef247cf4927f6b62be6f5d482d5d466e770ec55b"
  dependencies:
    blueimp-file-upload "9.12.5"
    bootstrap "3.3.7"
    diff-match-patch "*"
    flowchart.js "*"
    highlight.js "*"
    hyperdown "*"
    jquery "1.12.3"
    js-sequence-diagrams "*"
    katex "*"

raphael@2.2.7:
  version "2.2.7"
  resolved "http://registry.npm.taobao.org/raphael/download/raphael-2.2.7.tgz#231b19141f8d086986d8faceb66f8b562ee2c810"
  dependencies:
    eve-raphael "0.5.0"

raphael@~2.1.x:
  version "2.1.4"
  resolved "http://registry.npm.taobao.org/raphael/download/raphael-2.1.4.tgz#b09ca664ad048b814bb2ff5d4d1e75838cab9c97"
  dependencies:
    eve "git://github.com/adobe-webplatform/eve.git#eef80ed"

underscore@~1.4.x:
  version "1.4.4"
  resolved "http://registry.npm.taobao.org/underscore/download/underscore-1.4.4.tgz#61a6a32010622afa07963bf325203cf12239d604"
