{
  "requires": true,
  "lockfileVersion": 1,
  "dependencies": {
    "tiny-slider": {
      "version": "2.0.1",
      "resolved": "https://registry.npmjs.org/tiny-slider/-/tiny-slider-2.0.1.tgz",
      "integrity": "sha512-j5oYg/AmjcwJX/cGcFgR5GCCv+2eCLzzkZAg5C8LJY/fRzacSel4PO4ZikgveSgduoTwooaColqGXXPL1RS3bg=="
    }
  }
}
